
Microsoft Visual Studio Solution File, Format Version 12.00
# Visual Studio 15
VisualStudioVersion = 15.0.27703.2047
MinimumVisualStudioVersion = 10.0.40219.1
Project("{FAE04EC0-301F-11D3-BF4B-00C04F79EFBC}") = "Strategy", "Strategy\Strategy.csproj", "{B947E7FC-FE08-4024-A910-503233791A38}"
EndProject
Global
	GlobalSection(SolutionConfigurationPlatforms) = preSolution
		Debug|Any CPU = Debug|Any CPU
		Release|Any CPU = Release|Any CPU
	EndGlobalSection
	GlobalSection(ProjectConfigurationPlatforms) = postSolution
		{B947E7FC-FE08-4024-A910-503233791A38}.Debug|Any CPU.ActiveCfg = Debug|Any CPU
		{B947E7FC-FE08-4024-A910-503233791A38}.Debug|Any CPU.Build.0 = Debug|Any CPU
		{B947E7FC-FE08-4024-A910-503233791A38}.Release|Any CPU.ActiveCfg = Release|Any CPU
		{B947E7FC-FE08-4024-A910-503233791A38}.Release|Any CPU.Build.0 = Release|Any CPU
	EndGlobalSection
	GlobalSection(SolutionProperties) = preSolution
		HideSolutionNode = FALSE
	EndGlobalSection
	GlobalSection(ExtensibilityGlobals) = postSolution
		SolutionGuid = {C8BE7A22-9D71-4A8C-A264-0D607D88ECC1}
	EndGlobalSection
EndGlobal
